PODS:
  - background_location_tracker (0.0.1):
    - Flutter
  - Flutter (1.0.0)
  - flutter_local_notifications (0.0.1):
    - Flutter
  - "permission_handler (5.0.1+1)":
    - Flutter

DEPENDENCIES:
  - background_location_tracker (from `.symlinks/plugins/background_location_tracker/ios`)
  - Flutter (from `Flutter`)
  - flutter_local_notifications (from `.symlinks/plugins/flutter_local_notifications/ios`)
  - permission_handler (from `.symlinks/plugins/permission_handler/ios`)

EXTERNAL SOURCES:
  background_location_tracker:
    :path: ".symlinks/plugins/background_location_tracker/ios"
  Flutter:
    :path: Flutter
  flutter_local_notifications:
    :path: ".symlinks/plugins/flutter_local_notifications/ios"
  permission_handler:
    :path: ".symlinks/plugins/permission_handler/ios"

SPEC CHECKSUMS:
  background_location_tracker: 3f0954d5a839b9bfffbdc887e679d183a7bbc1c9
  Flutter: 0e3d915762c693b495b44d77113d4970485de6ec
  flutter_local_notifications: 0c0b1ae97e741e1521e4c1629a459d04b9aec743
  permission_handler: eac8e15b4a1a3fba55b761d19f3f4e6b005d15b6

PODFILE CHECKSUM: aafe91acc616949ddb318b77800a7f51bffa2a4c

COCOAPODS: 1.10.0
